
Microsoft Visual Studio Solution File, Format Version 12.00
# Visual Studio 15
VisualStudioVersion = 15.0.28307.1259
MinimumVisualStudioVersion = 10.0.40219.1
Project("{FAE04EC0-301F-11D3-BF4B-00C04F79EFBC}") = "Symmetry_Rectangle_Example", "Symmetry_Rectangle_Example\Symmetry_Rectangle_Example.csproj", "{82F7AF4F-DA9F-439E-8E1E-C8DF97A51C14}"
EndProject
Global
	GlobalSection(SolutionConfigurationPlatforms) = preSolution
		Debug|Any CPU = Debug|Any CPU
		Release|Any CPU = Release|Any CPU
	EndGlobalSection
	GlobalSection(ProjectConfigurationPlatforms) = postSolution
		{82F7AF4F-DA9F-439E-8E1E-C8DF97A51C14}.Debug|Any CPU.ActiveCfg = Debug|Any CPU
		{82F7AF4F-DA9F-439E-8E1E-C8DF97A51C14}.Debug|Any CPU.Build.0 = Debug|Any CPU
		{82F7AF4F-DA9F-439E-8E1E-C8DF97A51C14}.Release|Any CPU.ActiveCfg = Release|Any CPU
		{82F7AF4F-DA9F-439E-8E1E-C8DF97A51C14}.Release|Any CPU.Build.0 = Release|Any CPU
	EndGlobalSection
	GlobalSection(SolutionProperties) = preSolution
		HideSolutionNode = FALSE
	EndGlobalSection
	GlobalSection(ExtensibilityGlobals) = postSolution
		SolutionGuid = {E6F10A9D-DDC1-470E-8110-CE43CCD8405F}
	EndGlobalSection
EndGlobal
